{
  "name": "coomer",
  "version": "1.0.0",
  "lockfileVersion": 3,
  "requires": true,
  "packages": {
    "": {
      "name": "coomer",
      "version": "1.0.0",
      "license": "AGPL-3.0-or-later",
      "dependencies": {
        "exiftool-vendored": "^35.2.0",
        "prompt-sync": "^4.2.0"
      }
    },
    "node_modules/@photostructure/tz-lookup": {
      "version": "11.4.0",
      "resolved": "https://registry.npmjs.org/@photostructure/tz-lookup/-/tz-lookup-11.4.0.tgz",
      "integrity": "sha512-yrFaDbQQZVJIzpCTnoghWO8Rttu22Hg7/JkfP3CM8UKniXYzD80cuv4UAsFkzP5Z6XWceWNsQTqUJHKyGNXzLg==",
      "license": "CC0-1.0"
    },
    "node_modules/@types/luxon": {
      "version": "3.7.1",
      "resolved": "https://registry.npmjs.org/@types/luxon/-/luxon-3.7.1.tgz",
      "integrity": "sha512-H3iskjFIAn5SlJU7OuxUmTEpebK6TKB8rxZShDslBMZJ5u9S//KM1sbdAisiSrqwLQncVjnpi2OK2J51h+4lsg==",
      "license": "MIT"
    },
    "node_modules/ansi-regex": {
      "version": "4.1.1",
      "resolved": "https://registry.npmjs.org/ansi-regex/-/ansi-regex-4.1.1.tgz",
      "integrity": "sha512-ILlv4k/3f6vfQ4OoP2AGvirOktlQ98ZEL1k9FaQjxa3L1abBgbuTDAdPOpvbGncC0BTVQrl+OM8xZGK6tWXt7g==",
      "license": "MIT",
      "engines": {
        "node": ">=6"
      }
    },
    "node_modules/batch-cluster": {
      "version": "17.1.0",
      "resolved": "https://registry.npmjs.org/batch-cluster/-/batch-cluster-17.1.0.tgz",
      "integrity": "sha512-hLo0+9mlZEvoLdiqffTehuMvUnIBpngt4ORpoYoE77qN/98ay3NnpZqGgmPUMw+x/U/Jz6PUfeDhG+nZ6Ak3CA==",
      "license": "MIT",
      "engines": {
        "node": ">=20"
      }
    },
    "node_modules/exiftool-vendored": {
      "version": "35.2.0",
      "resolved": "https://registry.npmjs.org/exiftool-vendored/-/exiftool-vendored-35.2.0.tgz",
      "integrity": "sha512-NF1kEM7/VC2GJqvgOaZHN1/tH5QZ06NStlUEhCjn7YRuXH+uCjcE/dsuZLst0Xt9ErCpcK0f02mg6D+osL6RTg==",
      "license": "MIT",
      "dependencies": {
        "@photostructure/tz-lookup": "^11.4.0",
        "@types/luxon": "^3.7.1",
        "batch-cluster": "^17.1.0",
        "he": "^1.2.0",
        "luxon": "^3.7.2"
      },
      "engines": {
        "node": ">=20.0.0"
      },
      "optionalDependencies": {
        "exiftool-vendored.exe": "13.45.0",
        "exiftool-vendored.pl": "13.45.0"
      }
    },
    "node_modules/exiftool-vendored.exe": {
      "version": "13.45.0",
      "resolved": "https://registry.npmjs.org/exiftool-vendored.exe/-/exiftool-vendored.exe-13.45.0.tgz",
      "integrity": "sha512-xa+gEnZ2Q9BAzaDr35xgADql+T6L92RqK0GjzOjzDuObwhr+sBr5RdySvZ3osHac9GJypxvk4cewNnj4OnPL3Q==",
      "license": "MIT",
      "optional": true,
      "os": [
        "win32"
      ]
    },
    "node_modules/exiftool-vendored.pl": {
      "version": "13.45.0",
      "resolved": "https://registry.npmjs.org/exiftool-vendored.pl/-/exiftool-vendored.pl-13.45.0.tgz",
      "integrity": "sha512-uA58bMcXqdSQAqsZbHa/SMU6XKXsmoMcJSlKJjsCmLlQKEThncuAlpg8wGVNhULNXxYmRXXnYQ1756UYQY9VIA==",
      "license": "MIT",
      "optional": true,
      "os": [
        "!win32"
      ],
      "bin": {
        "exiftool": "bin/exiftool"
      }
    },
    "node_modules/he": {
      "version": "1.2.0",
      "resolved": "https://registry.npmjs.org/he/-/he-1.2.0.tgz",
      "integrity": "sha512-F/1DnUGPopORZi0ni+CvrCgHQ5FyEAHRLSApuYWMmrbSwoN2Mn/7k+Gl38gJnR7yyDZk6WLXwiGod1JOWNDKGw==",
      "license": "MIT",
      "bin": {
        "he": "bin/he"
      }
    },
    "node_modules/luxon": {
      "version": "3.7.2",
      "resolved": "https://registry.npmjs.org/luxon/-/luxon-3.7.2.tgz",
      "integrity": "sha512-vtEhXh/gNjI9Yg1u4jX/0YVPMvxzHuGgCm6tC5kZyb08yjGWGnqAjGJvcXbqQR2P3MyMEFnRbpcdFS6PBcLqew==",
      "license": "MIT",
      "engines": {
        "node": ">=12"
      }
    },
    "node_modules/prompt-sync": {
      "version": "4.2.0",
      "resolved": "https://registry.npmjs.org/prompt-sync/-/prompt-sync-4.2.0.tgz",
      "integrity": "sha512-BuEzzc5zptP5LsgV5MZETjDaKSWfchl5U9Luiu8SKp7iZWD5tZalOxvNcZRwv+d2phNFr8xlbxmFNcRKfJOzJw==",
      "license": "MIT",
      "dependencies": {
        "strip-ansi": "^5.0.0"
      }
    },
    "node_modules/strip-ansi": {
      "version": "5.2.0",
      "resolved": "https://registry.npmjs.org/strip-ansi/-/strip-ansi-5.2.0.tgz",
      "integrity": "sha512-DuRs1gKbBqsMKIZlrffwlug8MHkcnpjs5VPmL1PAh+mA30U0DTotfDZ0d2UUsXpPmPmMMJ6W773MaA3J+lbiWA==",
      "license": "MIT",
      "dependencies": {
        "ansi-regex": "^4.1.0"
      },
      "engines": {
        "node": ">=6"
      }
    }
  }
}
